
Microsoft Visual Studio Solution File, Format Version 12.00
# Visual Studio 15
VisualStudioVersion = 15.0.28307.1705
MinimumVisualStudioVersion = 10.0.40219.1
Project("{FAE04EC0-301F-11D3-BF4B-00C04F79EFBC}") = "MiddlewaredemoAppWoking", "MiddlewaredemoAppWoking\MiddlewaredemoAppWoking.csproj", "{E66B9E3F-8656-4CE8-BEE5-4B064413EC23}"
EndProject
Global
	GlobalSection(SolutionConfigurationPlatforms) = preSolution
		Debug|Any CPU = Debug|Any CPU
		Release|Any CPU = Release|Any CPU
	EndGlobalSection
	GlobalSection(ProjectConfigurationPlatforms) = postSolution
		{E66B9E3F-8656-4CE8-BEE5-4B064413EC23}.Debug|Any CPU.ActiveCfg = Debug|Any CPU
		{E66B9E3F-8656-4CE8-BEE5-4B064413EC23}.Debug|Any CPU.Build.0 = Debug|Any CPU
		{E66B9E3F-8656-4CE8-BEE5-4B064413EC23}.Release|Any CPU.ActiveCfg = Release|Any CPU
		{E66B9E3F-8656-4CE8-BEE5-4B064413EC23}.Release|Any CPU.Build.0 = Release|Any CPU
	EndGlobalSection
	GlobalSection(SolutionProperties) = preSolution
		HideSolutionNode = FALSE
	EndGlobalSection
	GlobalSection(ExtensibilityGlobals) = postSolution
		SolutionGuid = {13B866E7-47CE-4659-B7DC-144F920D79A8}
	EndGlobalSection
EndGlobal
