
Microsoft Visual Studio Solution File, Format Version 12.00
# Visual Studio 15
VisualStudioVersion = 15.0.28307.1705
MinimumVisualStudioVersion = 10.0.40219.1
Project("{FAE04EC0-301F-11D3-BF4B-00C04F79EFBC}") = "CURDOprations", "CURDOprations\CURDOprations.csproj", "{BCF2814C-D447-4CD4-89AA-98798CF9F0BC}"
EndProject
Global
	GlobalSection(SolutionConfigurationPlatforms) = preSolution
		Debug|Any CPU = Debug|Any CPU
		Release|Any CPU = Release|Any CPU
	EndGlobalSection
	GlobalSection(ProjectConfigurationPlatforms) = postSolution
		{BCF2814C-D447-4CD4-89AA-98798CF9F0BC}.Debug|Any CPU.ActiveCfg = Debug|Any CPU
		{BCF2814C-D447-4CD4-89AA-98798CF9F0BC}.Debug|Any CPU.Build.0 = Debug|Any CPU
		{BCF2814C-D447-4CD4-89AA-98798CF9F0BC}.Release|Any CPU.ActiveCfg = Release|Any CPU
		{BCF2814C-D447-4CD4-89AA-98798CF9F0BC}.Release|Any CPU.Build.0 = Release|Any CPU
	EndGlobalSection
	GlobalSection(SolutionProperties) = preSolution
		HideSolutionNode = FALSE
	EndGlobalSection
	GlobalSection(ExtensibilityGlobals) = postSolution
		SolutionGuid = {DC28B21B-8C06-411F-9882-C1E11DFBA330}
	EndGlobalSection
EndGlobal
