
Microsoft Visual Studio Solution File, Format Version 12.00
# Visual Studio 15
VisualStudioVersion = 15.0.28307.1705
MinimumVisualStudioVersion = 10.0.40219.1
Project("{FAE04EC0-301F-11D3-BF4B-00C04F79EFBC}") = "UsingSqlServer", "UsingSqlServer\UsingSqlServer.csproj", "{A964B762-D0BB-432F-8292-870BD1C41127}"
EndProject
Global
	GlobalSection(SolutionConfigurationPlatforms) = preSolution
		Debug|Any CPU = Debug|Any CPU
		Release|Any CPU = Release|Any CPU
	EndGlobalSection
	GlobalSection(ProjectConfigurationPlatforms) = postSolution
		{A964B762-D0BB-432F-8292-870BD1C41127}.Debug|Any CPU.ActiveCfg = Debug|Any CPU
		{A964B762-D0BB-432F-8292-870BD1C41127}.Debug|Any CPU.Build.0 = Debug|Any CPU
		{A964B762-D0BB-432F-8292-870BD1C41127}.Release|Any CPU.ActiveCfg = Release|Any CPU
		{A964B762-D0BB-432F-8292-870BD1C41127}.Release|Any CPU.Build.0 = Release|Any CPU
	EndGlobalSection
	GlobalSection(SolutionProperties) = preSolution
		HideSolutionNode = FALSE
	EndGlobalSection
	GlobalSection(ExtensibilityGlobals) = postSolution
		SolutionGuid = {5DD67C2B-704C-4A5C-AB77-47E8A3C79656}
	EndGlobalSection
EndGlobal
