
Microsoft Visual Studio Solution File, Format Version 12.00
# Visual Studio 15
VisualStudioVersion = 15.0.28307.1705
MinimumVisualStudioVersion = 10.0.40219.1
Project("{FAE04EC0-301F-11D3-BF4B-00C04F79EFBC}") = "RazorViewDeccan", "RazorView Deccan\RazorViewDeccan.csproj", "{41887181-ACDC-4C15-8C9B-4EE30A224E3A}"
EndProject
Global
	GlobalSection(SolutionConfigurationPlatforms) = preSolution
		Debug|Any CPU = Debug|Any CPU
		Release|Any CPU = Release|Any CPU
	EndGlobalSection
	GlobalSection(ProjectConfigurationPlatforms) = postSolution
		{41887181-ACDC-4C15-8C9B-4EE30A224E3A}.Debug|Any CPU.ActiveCfg = Debug|Any CPU
		{41887181-ACDC-4C15-8C9B-4EE30A224E3A}.Debug|Any CPU.Build.0 = Debug|Any CPU
		{41887181-ACDC-4C15-8C9B-4EE30A224E3A}.Release|Any CPU.ActiveCfg = Release|Any CPU
		{41887181-ACDC-4C15-8C9B-4EE30A224E3A}.Release|Any CPU.Build.0 = Release|Any CPU
	EndGlobalSection
	GlobalSection(SolutionProperties) = preSolution
		HideSolutionNode = FALSE
	EndGlobalSection
	GlobalSection(ExtensibilityGlobals) = postSolution
		SolutionGuid = {7A0D24AA-5FA8-4196-B9C3-D6423F1CF90C}
	EndGlobalSection
EndGlobal
